
Microsoft Visual Studio Solution File, Format Version 12.00
# Visual Studio Version 16
VisualStudioVersion = 16.0.30104.148
MinimumVisualStudioVersion = 10.0.40219.1
Project("{FAE04EC0-301F-11D3-BF4B-00C04F79EFBC}") = "ConsoleFileStream", "ConsoleFileStream\ConsoleFileStream.csproj", "{448231D6-C87E-457B-A4F4-DCBA86CB3AAA}"
EndProject
Global
	GlobalSection(SolutionConfigurationPlatforms) = preSolution
		Debug|Any CPU = Debug|Any CPU
		Release|Any CPU = Release|Any CPU
	EndGlobalSection
	GlobalSection(ProjectConfigurationPlatforms) = postSolution
		{448231D6-C87E-457B-A4F4-DCBA86CB3AAA}.Debug|Any CPU.ActiveCfg = Debug|Any CPU
		{448231D6-C87E-457B-A4F4-DCBA86CB3AAA}.Debug|Any CPU.Build.0 = Debug|Any CPU
		{448231D6-C87E-457B-A4F4-DCBA86CB3AAA}.Release|Any CPU.ActiveCfg = Release|Any CPU
		{448231D6-C87E-457B-A4F4-DCBA86CB3AAA}.Release|Any CPU.Build.0 = Release|Any CPU
	EndGlobalSection
	GlobalSection(SolutionProperties) = preSolution
		HideSolutionNode = FALSE
	EndGlobalSection
	GlobalSection(ExtensibilityGlobals) = postSolution
		SolutionGuid = {BDC7C778-71BC-4F95-90B4-D566E833D942}
	EndGlobalSection
EndGlobal
